
Microsoft Visual Studio Solution File, Format Version 12.00
# Visual Studio 14
VisualStudioVersion = 14.0.25420.1
MinimumVisualStudioVersion = 10.0.40219.1
Project("{FAE04EC0-301F-11D3-BF4B-00C04F79EFBC}") = "TestRefactoring", "TestRefactoring\TestRefactoring.csproj", "{AA089E9C-F47A-422B-B047-853D2CF201CA}"
EndProject
Project("{FAE04EC0-301F-11D3-BF4B-00C04F79EFBC}") = "CommandsTests", "CommandsTests\CommandsTests.csproj", "{CB17E020-B388-4B65-9C0D-D199543107D1}"
EndProject
Global
	GlobalSection(SolutionConfigurationPlatforms) = preSolution
		Debug|Any CPU = Debug|Any CPU
		Release|Any CPU = Release|Any CPU
	EndGlobalSection
	GlobalSection(ProjectConfigurationPlatforms) = postSolution
		{AA089E9C-F47A-422B-B047-853D2CF201CA}.Debug|Any CPU.ActiveCfg = Debug|Any CPU
		{AA089E9C-F47A-422B-B047-853D2CF201CA}.Debug|Any CPU.Build.0 = Debug|Any CPU
		{AA089E9C-F47A-422B-B047-853D2CF201CA}.Release|Any CPU.ActiveCfg = Release|Any CPU
		{AA089E9C-F47A-422B-B047-853D2CF201CA}.Release|Any CPU.Build.0 = Release|Any CPU
		{CB17E020-B388-4B65-9C0D-D199543107D1}.Debug|Any CPU.ActiveCfg = Debug|Any CPU
		{CB17E020-B388-4B65-9C0D-D199543107D1}.Debug|Any CPU.Build.0 = Debug|Any CPU
		{CB17E020-B388-4B65-9C0D-D199543107D1}.Release|Any CPU.ActiveCfg = Release|Any CPU
		{CB17E020-B388-4B65-9C0D-D199543107D1}.Release|Any CPU.Build.0 = Release|Any CPU
	EndGlobalSection
	GlobalSection(SolutionProperties) = preSolution
		HideSolutionNode = FALSE
	EndGlobalSection
EndGlobal
